{
  "pins" : [
    {
      "identity" : "codeeditlanguages-beduinv2",
      "kind" : "remoteSourceControl",
      "location" : "https://github.com/naxila/CodeEditLanguages-BeduinV2.git",
      "state" : {
        "revision" : "0f84fbdf890d70487455b1ac0acef94fba916c08",
        "version" : "0.1.17-alpha"
      }
    },
    {
      "identity" : "rearrange",
      "kind" : "remoteSourceControl",
      "location" : "https://github.com/ChimeHQ/Rearrange",
      "state" : {
        "revision" : "8f97f721d8a08c6e01ab9f7460e53819bef72dfa",
        "version" : "1.5.3"
      }
    },
    {
      "identity" : "sttextview",
      "kind" : "remoteSourceControl",
      "location" : "https://github.com/krzyzanowskim/STTextView.git",
      "state" : {
        "revision" : "1046965bd62dc05cf17beb4b4e901cdae851395e",
        "version" : "0.8.7"
      }
    },
    {
      "identity" : "swiftlintplugin",
      "kind" : "remoteSourceControl",
      "location" : "https://github.com/lukepistrol/SwiftLintPlugin",
      "state" : {
        "revision" : "f69b412a765396d44dc9f4788a5b79919c1ca9e3",
        "version" : "0.2.2"
      }
    },
    {
      "identity" : "swifttreesitter",
      "kind" : "remoteSourceControl",
      "location" : "https://github.com/ChimeHQ/SwiftTreeSitter",
      "state" : {
        "revision" : "df25a52f72ebc5b50ae20d26d1363793408bb28b",
        "version" : "0.7.1"
      }
    },
    {
      "identity" : "textformation",
      "kind" : "remoteSourceControl",
      "location" : "https://github.com/ChimeHQ/TextFormation",
      "state" : {
        "revision" : "158a603054ed5176f18d7c08ba355c0e05cb0586",
        "version" : "0.7.0"
      }
    },
    {
      "identity" : "textstory",
      "kind" : "remoteSourceControl",
      "location" : "https://github.com/ChimeHQ/TextStory",
      "state" : {
        "revision" : "b7b3fc551bd0177c32b3dc46d0478e9f0b6f8c6f",
        "version" : "0.7.2"
      }
    }
  ],
  "version" : 2
}
